
Microsoft Visual Studio Solution File, Format Version 12.00
# Visual Studio Version 16
VisualStudioVersion = 16.0.31313.79
MinimumVisualStudioVersion = 10.0.40219.1
Project("{9A19103F-16F7-4668-BE54-9A1E7A4F7556}") = "ConsoleApp", "ConsoleApp.csproj", "{2324C80C-CBA1-48D5-BCB8-834E222CF6DA}"
EndProject
Project("{FAE04EC0-301F-11D3-BF4B-00C04F79EFBC}") = "SwitchAndIf", "..\SwitchAndIf\SwitchAndIf.csproj", "{D409E682-9288-4D6D-901E-ACBA7864B9D2}"
EndProject
Global
	GlobalSection(SolutionConfigurationPlatforms) = preSolution
		Debug|Any CPU = Debug|Any CPU
		Release|Any CPU = Release|Any CPU
	EndGlobalSection
	GlobalSection(ProjectConfigurationPlatforms) = postSolution
		{2324C80C-CBA1-48D5-BCB8-834E222CF6DA}.Debug|Any CPU.ActiveCfg = Debug|Any CPU
		{2324C80C-CBA1-48D5-BCB8-834E222CF6DA}.Debug|Any CPU.Build.0 = Debug|Any CPU
		{2324C80C-CBA1-48D5-BCB8-834E222CF6DA}.Release|Any CPU.ActiveCfg = Release|Any CPU
		{2324C80C-CBA1-48D5-BCB8-834E222CF6DA}.Release|Any CPU.Build.0 = Release|Any CPU
		{D409E682-9288-4D6D-901E-ACBA7864B9D2}.Debug|Any CPU.ActiveCfg = Debug|Any CPU
		{D409E682-9288-4D6D-901E-ACBA7864B9D2}.Debug|Any CPU.Build.0 = Debug|Any CPU
		{D409E682-9288-4D6D-901E-ACBA7864B9D2}.Release|Any CPU.ActiveCfg = Release|Any CPU
		{D409E682-9288-4D6D-901E-ACBA7864B9D2}.Release|Any CPU.Build.0 = Release|Any CPU
	EndGlobalSection
	GlobalSection(SolutionProperties) = preSolution
		HideSolutionNode = FALSE
	EndGlobalSection
	GlobalSection(ExtensibilityGlobals) = postSolution
		SolutionGuid = {4DB67C5A-F794-49BE-8819-48256F0F46A4}
	EndGlobalSection
EndGlobal
